
Microsoft Visual Studio Solution File, Format Version 12.00
# Visual Studio Version 17
VisualStudioVersion = 17.12.35527.113
MinimumVisualStudioVersion = 10.0.40219.1
Project("{FAE04EC0-301F-11D3-BF4B-00C04F79EFBC}") = "InheritanceDemo", "InheritanceDemo\InheritanceDemo.csproj", "{0999CEC6-8F43-446A-BAF0-CD52893CE5E1}"
EndProject
Project("{FAE04EC0-301F-11D3-BF4B-00C04F79EFBC}") = "HWInheritance", "HWInheritance\HWInheritance.csproj", "{0AD1D997-DB98-4717-8E6E-05D7ACA1BB31}"
EndProject
Project("{FAE04EC0-301F-11D3-BF4B-00C04F79EFBC}") = "InterfaceDemo", "InterfaceDemo\InterfaceDemo.csproj", "{5C0B76F6-CA03-4805-9F73-9D582B0F3B65}"
EndProject
Project("{FAE04EC0-301F-11D3-BF4B-00C04F79EFBC}") = "HWInterface", "HWInterface\HWInterface.csproj", "{A6680A3A-0071-4D94-BABF-686F98F40B02}"
EndProject
Project("{FAE04EC0-301F-11D3-BF4B-00C04F79EFBC}") = "MiniProjectInheritance", "MiniProjectInheritance\MiniProjectInheritance.csproj", "{F54C5541-950B-466F-8019-DBE0CF88536F}"
EndProject
Project("{FAE04EC0-301F-11D3-BF4B-00C04F79EFBC}") = "AccessModifierDemo", "AccessModifierDemo\AccessModifierDemo.csproj", "{C1A8B878-F92B-48E4-A782-B2FD6EB6F0FE}"
EndProject
Project("{FAE04EC0-301F-11D3-BF4B-00C04F79EFBC}") = "DemoLibrary", "DemoLibrary\DemoLibrary.csproj", "{814A17C2-8C3E-4B44-9849-9488204761EE}"
EndProject
Global
	GlobalSection(SolutionConfigurationPlatforms) = preSolution
		Debug|Any CPU = Debug|Any CPU
		Release|Any CPU = Release|Any CPU
	EndGlobalSection
	GlobalSection(ProjectConfigurationPlatforms) = postSolution
		{0999CEC6-8F43-446A-BAF0-CD52893CE5E1}.Debug|Any CPU.ActiveCfg = Debug|Any CPU
		{0999CEC6-8F43-446A-BAF0-CD52893CE5E1}.Debug|Any CPU.Build.0 = Debug|Any CPU
		{0999CEC6-8F43-446A-BAF0-CD52893CE5E1}.Release|Any CPU.ActiveCfg = Release|Any CPU
		{0999CEC6-8F43-446A-BAF0-CD52893CE5E1}.Release|Any CPU.Build.0 = Release|Any CPU
		{0AD1D997-DB98-4717-8E6E-05D7ACA1BB31}.Debug|Any CPU.ActiveCfg = Debug|Any CPU
		{0AD1D997-DB98-4717-8E6E-05D7ACA1BB31}.Debug|Any CPU.Build.0 = Debug|Any CPU
		{0AD1D997-DB98-4717-8E6E-05D7ACA1BB31}.Release|Any CPU.ActiveCfg = Release|Any CPU
		{0AD1D997-DB98-4717-8E6E-05D7ACA1BB31}.Release|Any CPU.Build.0 = Release|Any CPU
		{5C0B76F6-CA03-4805-9F73-9D582B0F3B65}.Debug|Any CPU.ActiveCfg = Debug|Any CPU
		{5C0B76F6-CA03-4805-9F73-9D582B0F3B65}.Debug|Any CPU.Build.0 = Debug|Any CPU
		{5C0B76F6-CA03-4805-9F73-9D582B0F3B65}.Release|Any CPU.ActiveCfg = Release|Any CPU
		{5C0B76F6-CA03-4805-9F73-9D582B0F3B65}.Release|Any CPU.Build.0 = Release|Any CPU
		{A6680A3A-0071-4D94-BABF-686F98F40B02}.Debug|Any CPU.ActiveCfg = Debug|Any CPU
		{A6680A3A-0071-4D94-BABF-686F98F40B02}.Debug|Any CPU.Build.0 = Debug|Any CPU
		{A6680A3A-0071-4D94-BABF-686F98F40B02}.Release|Any CPU.ActiveCfg = Release|Any CPU
		{A6680A3A-0071-4D94-BABF-686F98F40B02}.Release|Any CPU.Build.0 = Release|Any CPU
		{F54C5541-950B-466F-8019-DBE0CF88536F}.Debug|Any CPU.ActiveCfg = Debug|Any CPU
		{F54C5541-950B-466F-8019-DBE0CF88536F}.Debug|Any CPU.Build.0 = Debug|Any CPU
		{F54C5541-950B-466F-8019-DBE0CF88536F}.Release|Any CPU.ActiveCfg = Release|Any CPU
		{F54C5541-950B-466F-8019-DBE0CF88536F}.Release|Any CPU.Build.0 = Release|Any CPU
		{C1A8B878-F92B-48E4-A782-B2FD6EB6F0FE}.Debug|Any CPU.ActiveCfg = Debug|Any CPU
		{C1A8B878-F92B-48E4-A782-B2FD6EB6F0FE}.Debug|Any CPU.Build.0 = Debug|Any CPU
		{C1A8B878-F92B-48E4-A782-B2FD6EB6F0FE}.Release|Any CPU.ActiveCfg = Release|Any CPU
		{C1A8B878-F92B-48E4-A782-B2FD6EB6F0FE}.Release|Any CPU.Build.0 = Release|Any CPU
		{814A17C2-8C3E-4B44-9849-9488204761EE}.Debug|Any CPU.ActiveCfg = Debug|Any CPU
		{814A17C2-8C3E-4B44-9849-9488204761EE}.Debug|Any CPU.Build.0 = Debug|Any CPU
		{814A17C2-8C3E-4B44-9849-9488204761EE}.Release|Any CPU.ActiveCfg = Release|Any CPU
		{814A17C2-8C3E-4B44-9849-9488204761EE}.Release|Any CPU.Build.0 = Release|Any CPU
	EndGlobalSection
	GlobalSection(SolutionProperties) = preSolution
		HideSolutionNode = FALSE
	EndGlobalSection
EndGlobal
