
Microsoft Visual Studio Solution File, Format Version 12.00
# Visual Studio Version 17
VisualStudioVersion = 17.12.35527.113 d17.12
MinimumVisualStudioVersion = 10.0.40219.1
Project("{FAE04EC0-301F-11D3-BF4B-00C04F79EFBC}") = "InheritanceDemo", "InheritanceDemo\InheritanceDemo.csproj", "{0999CEC6-8F43-446A-BAF0-CD52893CE5E1}"
EndProject
Project("{FAE04EC0-301F-11D3-BF4B-00C04F79EFBC}") = "HWInheritance", "HWInheritance\HWInheritance.csproj", "{0AD1D997-DB98-4717-8E6E-05D7ACA1BB31}"
EndProject
Global
	GlobalSection(SolutionConfigurationPlatforms) = preSolution
		Debug|Any CPU = Debug|Any CPU
		Release|Any CPU = Release|Any CPU
	EndGlobalSection
	GlobalSection(ProjectConfigurationPlatforms) = postSolution
		{0999CEC6-8F43-446A-BAF0-CD52893CE5E1}.Debug|Any CPU.ActiveCfg = Debug|Any CPU
		{0999CEC6-8F43-446A-BAF0-CD52893CE5E1}.Debug|Any CPU.Build.0 = Debug|Any CPU
		{0999CEC6-8F43-446A-BAF0-CD52893CE5E1}.Release|Any CPU.ActiveCfg = Release|Any CPU
		{0999CEC6-8F43-446A-BAF0-CD52893CE5E1}.Release|Any CPU.Build.0 = Release|Any CPU
		{0AD1D997-DB98-4717-8E6E-05D7ACA1BB31}.Debug|Any CPU.ActiveCfg = Debug|Any CPU
		{0AD1D997-DB98-4717-8E6E-05D7ACA1BB31}.Debug|Any CPU.Build.0 = Debug|Any CPU
		{0AD1D997-DB98-4717-8E6E-05D7ACA1BB31}.Release|Any CPU.ActiveCfg = Release|Any CPU
		{0AD1D997-DB98-4717-8E6E-05D7ACA1BB31}.Release|Any CPU.Build.0 = Release|Any CPU
	EndGlobalSection
	GlobalSection(SolutionProperties) = preSolution
		HideSolutionNode = FALSE
	EndGlobalSection
EndGlobal
